
Microsoft Visual Studio Solution File, Format Version 12.00
# Visual Studio 15
VisualStudioVersion = 15.0.28010.2046
MinimumVisualStudioVersion = 10.0.40219.1
Project("{FAE04EC0-301F-11D3-BF4B-00C04F79EFBC}") = "ClassAnimals", "ClassAnimals\ClassAnimals.csproj", "{BC4FD13E-7A44-4DB6-8CE9-643DA79A2717}"
EndProject
Global
	GlobalSection(SolutionConfigurationPlatforms) = preSolution
		Debug|Any CPU = Debug|Any CPU
		Release|Any CPU = Release|Any CPU
	EndGlobalSection
	GlobalSection(ProjectConfigurationPlatforms) = postSolution
		{BC4FD13E-7A44-4DB6-8CE9-643DA79A2717}.Debug|Any CPU.ActiveCfg = Debug|Any CPU
		{BC4FD13E-7A44-4DB6-8CE9-643DA79A2717}.Debug|Any CPU.Build.0 = Debug|Any CPU
		{BC4FD13E-7A44-4DB6-8CE9-643DA79A2717}.Release|Any CPU.ActiveCfg = Release|Any CPU
		{BC4FD13E-7A44-4DB6-8CE9-643DA79A2717}.Release|Any CPU.Build.0 = Release|Any CPU
	EndGlobalSection
	GlobalSection(SolutionProperties) = preSolution
		HideSolutionNode = FALSE
	EndGlobalSection
	GlobalSection(ExtensibilityGlobals) = postSolution
		SolutionGuid = {2FFA8025-9731-41E2-BA1D-637CD26DA95F}
	EndGlobalSection
EndGlobal
