
Microsoft Visual Studio Solution File, Format Version 12.00
# Visual Studio 15
VisualStudioVersion = 15.0.28010.2046
MinimumVisualStudioVersion = 10.0.40219.1
Project("{FAE04EC0-301F-11D3-BF4B-00C04F79EFBC}") = "ClassG.E.C.K", "ClassG.E.C.K\ClassG.E.C.K.csproj", "{F8AA3C24-014A-4CF3-999D-5829F412A421}"
EndProject
Global
	GlobalSection(SolutionConfigurationPlatforms) = preSolution
		Debug|Any CPU = Debug|Any CPU
		Release|Any CPU = Release|Any CPU
	EndGlobalSection
	GlobalSection(ProjectConfigurationPlatforms) = postSolution
		{F8AA3C24-014A-4CF3-999D-5829F412A421}.Debug|Any CPU.ActiveCfg = Debug|Any CPU
		{F8AA3C24-014A-4CF3-999D-5829F412A421}.Debug|Any CPU.Build.0 = Debug|Any CPU
		{F8AA3C24-014A-4CF3-999D-5829F412A421}.Release|Any CPU.ActiveCfg = Release|Any CPU
		{F8AA3C24-014A-4CF3-999D-5829F412A421}.Release|Any CPU.Build.0 = Release|Any CPU
	EndGlobalSection
	GlobalSection(SolutionProperties) = preSolution
		HideSolutionNode = FALSE
	EndGlobalSection
	GlobalSection(ExtensibilityGlobals) = postSolution
		SolutionGuid = {42C1A95C-993A-4403-83B8-55A6689FE7A7}
	EndGlobalSection
EndGlobal
